
Microsoft Visual Studio Solution File, Format Version 12.00
# Visual Studio Version 17
VisualStudioVersion = 17.6.33829.357
MinimumVisualStudioVersion = 10.0.40219.1
Project("{FAE04EC0-301F-11D3-BF4B-00C04F79EFBC}") = "questao 8", "questao 8\questao 8.csproj", "{F390CCA5-38D7-4248-A921-AF2A4D6DB620}"
EndProject
Global
	GlobalSection(SolutionConfigurationPlatforms) = preSolution
		Debug|Any CPU = Debug|Any CPU
		Release|Any CPU = Release|Any CPU
	EndGlobalSection
	GlobalSection(ProjectConfigurationPlatforms) = postSolution
		{F390CCA5-38D7-4248-A921-AF2A4D6DB620}.Debug|Any CPU.ActiveCfg = Debug|Any CPU
		{F390CCA5-38D7-4248-A921-AF2A4D6DB620}.Debug|Any CPU.Build.0 = Debug|Any CPU
		{F390CCA5-38D7-4248-A921-AF2A4D6DB620}.Release|Any CPU.ActiveCfg = Release|Any CPU
		{F390CCA5-38D7-4248-A921-AF2A4D6DB620}.Release|Any CPU.Build.0 = Release|Any CPU
	EndGlobalSection
	GlobalSection(SolutionProperties) = preSolution
		HideSolutionNode = FALSE
	EndGlobalSection
	GlobalSection(ExtensibilityGlobals) = postSolution
		SolutionGuid = {B1E11ED2-E490-4CEE-9252-252BED13891C}
	EndGlobalSection
EndGlobal
