
Microsoft Visual Studio Solution File, Format Version 12.00
# Visual Studio Version 17
VisualStudioVersion = 17.6.33829.357
MinimumVisualStudioVersion = 10.0.40219.1
Project("{FAE04EC0-301F-11D3-BF4B-00C04F79EFBC}") = "questao 7", "questao 7\questao 7.csproj", "{D36BC810-1A22-453E-ABAC-0F531BCBB8BE}"
EndProject
Global
	GlobalSection(SolutionConfigurationPlatforms) = preSolution
		Debug|Any CPU = Debug|Any CPU
		Release|Any CPU = Release|Any CPU
	EndGlobalSection
	GlobalSection(ProjectConfigurationPlatforms) = postSolution
		{D36BC810-1A22-453E-ABAC-0F531BCBB8BE}.Debug|Any CPU.ActiveCfg = Debug|Any CPU
		{D36BC810-1A22-453E-ABAC-0F531BCBB8BE}.Debug|Any CPU.Build.0 = Debug|Any CPU
		{D36BC810-1A22-453E-ABAC-0F531BCBB8BE}.Release|Any CPU.ActiveCfg = Release|Any CPU
		{D36BC810-1A22-453E-ABAC-0F531BCBB8BE}.Release|Any CPU.Build.0 = Release|Any CPU
	EndGlobalSection
	GlobalSection(SolutionProperties) = preSolution
		HideSolutionNode = FALSE
	EndGlobalSection
	GlobalSection(ExtensibilityGlobals) = postSolution
		SolutionGuid = {EBD9B36F-AC61-4BD6-BCD2-63AFE7D1E4B4}
	EndGlobalSection
EndGlobal
